Microsoft Visual Studio Solution File, Format Version 12.00
# Visual Studio 16
Project("{8BC9CEB8-8B4A-11D0-8D11-00A0C91BC942}") = "ALL_BUILD", "ALL_BUILD.vcxproj", "{7E57CE57-B262-3991-90E7-57506F6F4910}"
	ProjectSection(ProjectDependencies) = postProject
		{14BCF345-29DF-3B7B-8ABB-FF0D7BA1745C} = {14BCF345-29DF-3B7B-8ABB-FF0D7BA1745C}
		{128EA2DD-3EEA-36D4-B567-14E6F3421C3A} = {128EA2DD-3EEA-36D4-B567-14E6F3421C3A}
		{C68B38AF-5C80-3F26-811E-98BFEC64BE50} = {C68B38AF-5C80-3F26-811E-98BFEC64BE50}
		{56EA614D-0F78-3D04-BE58-81667FCD63A6} = {56EA614D-0F78-3D04-BE58-81667FCD63A6}
	EndProjectSection
EndProject
Project("{8BC9CEB8-8B4A-11D0-8D11-00A0C91BC942}") = "INSTALL", "INSTALL.vcxproj", "{01B5C9A6-A082-317D-8758-97F5D7A1D976}"
	ProjectSection(ProjectDependencies) = postProject
		{7E57CE57-B262-3991-90E7-57506F6F4910} = {7E57CE57-B262-3991-90E7-57506F6F4910}
		{14BCF345-29DF-3B7B-8ABB-FF0D7BA1745C} = {14BCF345-29DF-3B7B-8ABB-FF0D7BA1745C}
	EndProjectSection
EndProject
Project("{8BC9CEB8-8B4A-11D0-8D11-00A0C91BC942}") = "ZERO_CHECK", "ZERO_CHECK.vcxproj", "{14BCF345-29DF-3B7B-8ABB-FF0D7BA1745C}"
	ProjectSection(ProjectDependencies) = postProject
	EndProjectSection
EndProject
Project("{8BC9CEB8-8B4A-11D0-8D11-00A0C91BC942}") = "common", "src\common\common.vcxproj", "{128EA2DD-3EEA-36D4-B567-14E6F3421C3A}"
	ProjectSection(ProjectDependencies) = postProject
		{14BCF345-29DF-3B7B-8ABB-FF0D7BA1745C} = {14BCF345-29DF-3B7B-8ABB-FF0D7BA1745C}
	EndProjectSection
EndProject
Project("{8BC9CEB8-8B4A-11D0-8D11-00A0C91BC942}") = "eqx", "src\eqx\eqx.vcxproj", "{C68B38AF-5C80-3F26-811E-98BFEC64BE50}"
	ProjectSection(ProjectDependencies) = postProject
		{14BCF345-29DF-3B7B-8ABB-FF0D7BA1745C} = {14BCF345-29DF-3B7B-8ABB-FF0D7BA1745C}
		{128EA2DD-3EEA-36D4-B567-14E6F3421C3A} = {128EA2DD-3EEA-36D4-B567-14E6F3421C3A}
		{56EA614D-0F78-3D04-BE58-81667FCD63A6} = {56EA614D-0F78-3D04-BE58-81667FCD63A6}
	EndProjectSection
EndProject
Project("{8BC9CEB8-8B4A-11D0-8D11-00A0C91BC942}") = "log", "src\log\log.vcxproj", "{56EA614D-0F78-3D04-BE58-81667FCD63A6}"
	ProjectSection(ProjectDependencies) = postProject
		{14BCF345-29DF-3B7B-8ABB-FF0D7BA1745C} = {14BCF345-29DF-3B7B-8ABB-FF0D7BA1745C}
	EndProjectSection
EndProject
Global
	GlobalSection(SolutionConfigurationPlatforms) = preSolution
		Debug|x64 = Debug|x64
		Release|x64 = Release|x64
		MinSizeRel|x64 = MinSizeRel|x64
		RelWithDebInfo|x64 = RelWithDebInfo|x64
	EndGlobalSection
	GlobalSection(ProjectConfigurationPlatforms) = postSolution
		{7E57CE57-B262-3991-90E7-57506F6F4910}.Debug|x64.ActiveCfg = Debug|x64
		{7E57CE57-B262-3991-90E7-57506F6F4910}.Debug|x64.Build.0 = Debug|x64
		{7E57CE57-B262-3991-90E7-57506F6F4910}.Release|x64.ActiveCfg = Release|x64
		{7E57CE57-B262-3991-90E7-57506F6F4910}.Release|x64.Build.0 = Release|x64
		{7E57CE57-B262-3991-90E7-57506F6F4910}.MinSizeRel|x64.ActiveCfg = MinSizeRel|x64
		{7E57CE57-B262-3991-90E7-57506F6F4910}.MinSizeRel|x64.Build.0 = MinSizeRel|x64
		{7E57CE57-B262-3991-90E7-57506F6F4910}.RelWithDebInfo|x64.ActiveCfg = RelWithDebInfo|x64
		{7E57CE57-B262-3991-90E7-57506F6F4910}.RelWithDebInfo|x64.Build.0 = RelWithDebInfo|x64
		{01B5C9A6-A082-317D-8758-97F5D7A1D976}.Debug|x64.ActiveCfg = Debug|x64
		{01B5C9A6-A082-317D-8758-97F5D7A1D976}.Release|x64.ActiveCfg = Release|x64
		{01B5C9A6-A082-317D-8758-97F5D7A1D976}.MinSizeRel|x64.ActiveCfg = MinSizeRel|x64
		{01B5C9A6-A082-317D-8758-97F5D7A1D976}.RelWithDebInfo|x64.ActiveCfg = RelWithDebInfo|x64
		{14BCF345-29DF-3B7B-8ABB-FF0D7BA1745C}.Debug|x64.ActiveCfg = Debug|x64
		{14BCF345-29DF-3B7B-8ABB-FF0D7BA1745C}.Debug|x64.Build.0 = Debug|x64
		{14BCF345-29DF-3B7B-8ABB-FF0D7BA1745C}.Release|x64.ActiveCfg = Release|x64
		{14BCF345-29DF-3B7B-8ABB-FF0D7BA1745C}.Release|x64.Build.0 = Release|x64
		{14BCF345-29DF-3B7B-8ABB-FF0D7BA1745C}.MinSizeRel|x64.ActiveCfg = MinSizeRel|x64
		{14BCF345-29DF-3B7B-8ABB-FF0D7BA1745C}.MinSizeRel|x64.Build.0 = MinSizeRel|x64
		{14BCF345-29DF-3B7B-8ABB-FF0D7BA1745C}.RelWithDebInfo|x64.ActiveCfg = RelWithDebInfo|x64
		{14BCF345-29DF-3B7B-8ABB-FF0D7BA1745C}.RelWithDebInfo|x64.Build.0 = RelWithDebInfo|x64
		{128EA2DD-3EEA-36D4-B567-14E6F3421C3A}.Debug|x64.ActiveCfg = Debug|x64
		{128EA2DD-3EEA-36D4-B567-14E6F3421C3A}.Debug|x64.Build.0 = Debug|x64
		{128EA2DD-3EEA-36D4-B567-14E6F3421C3A}.Release|x64.ActiveCfg = Release|x64
		{128EA2DD-3EEA-36D4-B567-14E6F3421C3A}.Release|x64.Build.0 = Release|x64
		{128EA2DD-3EEA-36D4-B567-14E6F3421C3A}.MinSizeRel|x64.ActiveCfg = MinSizeRel|x64
		{128EA2DD-3EEA-36D4-B567-14E6F3421C3A}.MinSizeRel|x64.Build.0 = MinSizeRel|x64
		{128EA2DD-3EEA-36D4-B567-14E6F3421C3A}.RelWithDebInfo|x64.ActiveCfg = RelWithDebInfo|x64
		{128EA2DD-3EEA-36D4-B567-14E6F3421C3A}.RelWithDebInfo|x64.Build.0 = RelWithDebInfo|x64
		{C68B38AF-5C80-3F26-811E-98BFEC64BE50}.Debug|x64.ActiveCfg = Debug|x64
		{C68B38AF-5C80-3F26-811E-98BFEC64BE50}.Debug|x64.Build.0 = Debug|x64
		{C68B38AF-5C80-3F26-811E-98BFEC64BE50}.Release|x64.ActiveCfg = Release|x64
		{C68B38AF-5C80-3F26-811E-98BFEC64BE50}.Release|x64.Build.0 = Release|x64
		{C68B38AF-5C80-3F26-811E-98BFEC64BE50}.MinSizeRel|x64.ActiveCfg = MinSizeRel|x64
		{C68B38AF-5C80-3F26-811E-98BFEC64BE50}.MinSizeRel|x64.Build.0 = MinSizeRel|x64
		{C68B38AF-5C80-3F26-811E-98BFEC64BE50}.RelWithDebInfo|x64.ActiveCfg = RelWithDebInfo|x64
		{C68B38AF-5C80-3F26-811E-98BFEC64BE50}.RelWithDebInfo|x64.Build.0 = RelWithDebInfo|x64
		{56EA614D-0F78-3D04-BE58-81667FCD63A6}.Debug|x64.ActiveCfg = Debug|x64
		{56EA614D-0F78-3D04-BE58-81667FCD63A6}.Debug|x64.Build.0 = Debug|x64
		{56EA614D-0F78-3D04-BE58-81667FCD63A6}.Release|x64.ActiveCfg = Release|x64
		{56EA614D-0F78-3D04-BE58-81667FCD63A6}.Release|x64.Build.0 = Release|x64
		{56EA614D-0F78-3D04-BE58-81667FCD63A6}.MinSizeRel|x64.ActiveCfg = MinSizeRel|x64
		{56EA614D-0F78-3D04-BE58-81667FCD63A6}.MinSizeRel|x64.Build.0 = MinSizeRel|x64
		{56EA614D-0F78-3D04-BE58-81667FCD63A6}.RelWithDebInfo|x64.ActiveCfg = RelWithDebInfo|x64
		{56EA614D-0F78-3D04-BE58-81667FCD63A6}.RelWithDebInfo|x64.Build.0 = RelWithDebInfo|x64
	EndGlobalSection
	GlobalSection(ExtensibilityGlobals) = postSolution
		SolutionGuid = {7C6F6B67-868C-3BF1-ABFA-E2FDBF615B46}
	EndGlobalSection
	GlobalSection(ExtensibilityAddIns) = postSolution
	EndGlobalSection
EndGlobal
